
Microsoft Visual Studio Solution File, Format Version 12.00
# Visual Studio Version 16
VisualStudioVersion = 16.0.31019.35
MinimumVisualStudioVersion = 10.0.40219.1
Project("{FAE04EC0-301F-11D3-BF4B-00C04F79EFBC}") = "4", "4\4.csproj", "{63656781-34B3-4535-9148-EC84CF65355D}"
EndProject
Project("{2150E333-8FDC-42A3-9474-1A3956D46DE8}") = "Solution Items", "Solution Items", "{E84D4419-8889-44FA-85EC-BD8A834AB4BD}"
	ProjectSection(SolutionItems) = preProject
		.editorconfig = .editorconfig
	EndProjectSection
EndProject
Global
	GlobalSection(SolutionConfigurationPlatforms) = preSolution
		Debug|Any CPU = Debug|Any CPU
		Release|Any CPU = Release|Any CPU
	EndGlobalSection
	GlobalSection(ProjectConfigurationPlatforms) = postSolution
		{63656781-34B3-4535-9148-EC84CF65355D}.Debug|Any CPU.ActiveCfg = Debug|Any CPU
		{63656781-34B3-4535-9148-EC84CF65355D}.Debug|Any CPU.Build.0 = Debug|Any CPU
		{63656781-34B3-4535-9148-EC84CF65355D}.Release|Any CPU.ActiveCfg = Release|Any CPU
		{63656781-34B3-4535-9148-EC84CF65355D}.Release|Any CPU.Build.0 = Release|Any CPU
	EndGlobalSection
	GlobalSection(SolutionProperties) = preSolution
		HideSolutionNode = FALSE
	EndGlobalSection
	GlobalSection(ExtensibilityGlobals) = postSolution
		SolutionGuid = {C26EEF05-1B96-4662-A99F-2A7D5A30637A}
	EndGlobalSection
EndGlobal
